
Microsoft Visual Studio Solution File, Format Version 12.00
# Visual Studio Version 16
VisualStudioVersion = 16.0.29911.84
MinimumVisualStudioVersion = 10.0.40219.1
Project("{FAE04EC0-301F-11D3-BF4B-00C04F79EFBC}") = "Hafta7ConsoleApp_Sec2", "Hafta7ConsoleApp_Sec2\Hafta7ConsoleApp_Sec2.csproj", "{451FB4A7-BB08-490B-96DD-864469884B68}"
EndProject
Global
	GlobalSection(SolutionConfigurationPlatforms) = preSolution
		Debug|Any CPU = Debug|Any CPU
		Release|Any CPU = Release|Any CPU
	EndGlobalSection
	GlobalSection(ProjectConfigurationPlatforms) = postSolution
		{451FB4A7-BB08-490B-96DD-864469884B68}.Debug|Any CPU.ActiveCfg = Debug|Any CPU
		{451FB4A7-BB08-490B-96DD-864469884B68}.Debug|Any CPU.Build.0 = Debug|Any CPU
		{451FB4A7-BB08-490B-96DD-864469884B68}.Release|Any CPU.ActiveCfg = Release|Any CPU
		{451FB4A7-BB08-490B-96DD-864469884B68}.Release|Any CPU.Build.0 = Release|Any CPU
	EndGlobalSection
	GlobalSection(SolutionProperties) = preSolution
		HideSolutionNode = FALSE
	EndGlobalSection
	GlobalSection(ExtensibilityGlobals) = postSolution
		SolutionGuid = {AAB24290-D37A-4F1D-87EA-5196AD017EEA}
	EndGlobalSection
EndGlobal
