
Microsoft Visual Studio Solution File, Format Version 12.00
# Visual Studio 15
VisualStudioVersion = 15.0.28307.1000
MinimumVisualStudioVersion = 10.0.40219.1
Project("{FAE04EC0-301F-11D3-BF4B-00C04F79EFBC}") = "FormHafta6_10032020", "FormHafta6_10032020\FormHafta6_10032020.csproj", "{A1C5BF24-3D40-44AB-814E-2DF1AC68C20D}"
EndProject
Global
	GlobalSection(SolutionConfigurationPlatforms) = preSolution
		Debug|Any CPU = Debug|Any CPU
		Release|Any CPU = Release|Any CPU
	EndGlobalSection
	GlobalSection(ProjectConfigurationPlatforms) = postSolution
		{A1C5BF24-3D40-44AB-814E-2DF1AC68C20D}.Debug|Any CPU.ActiveCfg = Debug|Any CPU
		{A1C5BF24-3D40-44AB-814E-2DF1AC68C20D}.Debug|Any CPU.Build.0 = Debug|Any CPU
		{A1C5BF24-3D40-44AB-814E-2DF1AC68C20D}.Release|Any CPU.ActiveCfg = Release|Any CPU
		{A1C5BF24-3D40-44AB-814E-2DF1AC68C20D}.Release|Any CPU.Build.0 = Release|Any CPU
	EndGlobalSection
	GlobalSection(SolutionProperties) = preSolution
		HideSolutionNode = FALSE
	EndGlobalSection
	GlobalSection(ExtensibilityGlobals) = postSolution
		SolutionGuid = {FA1705F1-5A70-49F6-90CB-552AB3FAE271}
	EndGlobalSection
EndGlobal
