
Microsoft Visual Studio Solution File, Format Version 12.00
# Visual Studio 15
VisualStudioVersion = 15.0.28307.1000
MinimumVisualStudioVersion = 10.0.40219.1
Project("{FAE04EC0-301F-11D3-BF4B-00C04F79EFBC}") = "Hafta3_FormApp2", "Hafta3_FormApp2\Hafta3_FormApp2.csproj", "{6B2CDFDB-DAB1-4DCA-A01C-282E625F2837}"
EndProject
Global
	GlobalSection(SolutionConfigurationPlatforms) = preSolution
		Debug|Any CPU = Debug|Any CPU
		Release|Any CPU = Release|Any CPU
	EndGlobalSection
	GlobalSection(ProjectConfigurationPlatforms) = postSolution
		{6B2CDFDB-DAB1-4DCA-A01C-282E625F2837}.Debug|Any CPU.ActiveCfg = Debug|Any CPU
		{6B2CDFDB-DAB1-4DCA-A01C-282E625F2837}.Debug|Any CPU.Build.0 = Debug|Any CPU
		{6B2CDFDB-DAB1-4DCA-A01C-282E625F2837}.Release|Any CPU.ActiveCfg = Release|Any CPU
		{6B2CDFDB-DAB1-4DCA-A01C-282E625F2837}.Release|Any CPU.Build.0 = Release|Any CPU
	EndGlobalSection
	GlobalSection(SolutionProperties) = preSolution
		HideSolutionNode = FALSE
	EndGlobalSection
	GlobalSection(ExtensibilityGlobals) = postSolution
		SolutionGuid = {3776EDF9-0237-4C6C-845D-3CA352060AED}
	EndGlobalSection
EndGlobal
