
Microsoft Visual Studio Solution File, Format Version 12.00
# Visual Studio Version 16
VisualStudioVersion = 16.0.29920.165
MinimumVisualStudioVersion = 10.0.40219.1
Project("{FAE04EC0-301F-11D3-BF4B-00C04F79EFBC}") = "Ders7_ConsoleApp", "Ders7_ConsoleApp\Ders7_ConsoleApp.csproj", "{6C949086-11BD-409A-8353-753A43A74C51}"
EndProject
Global
	GlobalSection(SolutionConfigurationPlatforms) = preSolution
		Debug|Any CPU = Debug|Any CPU
		Release|Any CPU = Release|Any CPU
	EndGlobalSection
	GlobalSection(ProjectConfigurationPlatforms) = postSolution
		{6C949086-11BD-409A-8353-753A43A74C51}.Debug|Any CPU.ActiveCfg = Debug|Any CPU
		{6C949086-11BD-409A-8353-753A43A74C51}.Debug|Any CPU.Build.0 = Debug|Any CPU
		{6C949086-11BD-409A-8353-753A43A74C51}.Release|Any CPU.ActiveCfg = Release|Any CPU
		{6C949086-11BD-409A-8353-753A43A74C51}.Release|Any CPU.Build.0 = Release|Any CPU
	EndGlobalSection
	GlobalSection(SolutionProperties) = preSolution
		HideSolutionNode = FALSE
	EndGlobalSection
	GlobalSection(ExtensibilityGlobals) = postSolution
		SolutionGuid = {A59377FD-CB67-439B-B7C2-5485CC15EBE5}
	EndGlobalSection
EndGlobal
